
Microsoft Visual Studio Solution File, Format Version 12.00
# Visual Studio Version 17
VisualStudioVersion = 17.2.32505.173
MinimumVisualStudioVersion = 10.0.40219.1
Project("{FAE04EC0-301F-11D3-BF4B-00C04F79EFBC}") = "CursoCSharp", "CursoCSharp.csproj", "{72917C72-79EA-4C11-9961-98BF1D40C78B}"
EndProject
Global
	GlobalSection(SolutionConfigurationPlatforms) = preSolution
		Debug|Any CPU = Debug|Any CPU
		Release|Any CPU = Release|Any CPU
	EndGlobalSection
	GlobalSection(ProjectConfigurationPlatforms) = postSolution
		{72917C72-79EA-4C11-9961-98BF1D40C78B}.Debug|Any CPU.ActiveCfg = Debug|Any CPU
		{72917C72-79EA-4C11-9961-98BF1D40C78B}.Debug|Any CPU.Build.0 = Debug|Any CPU
		{72917C72-79EA-4C11-9961-98BF1D40C78B}.Release|Any CPU.ActiveCfg = Release|Any CPU
		{72917C72-79EA-4C11-9961-98BF1D40C78B}.Release|Any CPU.Build.0 = Release|Any CPU
	EndGlobalSection
	GlobalSection(SolutionProperties) = preSolution
		HideSolutionNode = FALSE
	EndGlobalSection
	GlobalSection(ExtensibilityGlobals) = postSolution
		SolutionGuid = {2331D0F7-6EB8-443B-8D60-42D7B5CD00AA}
	EndGlobalSection
EndGlobal
